
Microsoft Visual Studio Solution File, Format Version 12.00
# Visual Studio Version 17
VisualStudioVersion = 17.11.35222.181
MinimumVisualStudioVersion = 10.0.40219.1
Project("{FAE04EC0-301F-11D3-BF4B-00C04F79EFBC}") = "Морской бой", "Морской бой.csproj", "{94F23716-DDB3-4909-A155-9A2769B48B97}"
EndProject
Global
	GlobalSection(SolutionConfigurationPlatforms) = preSolution
		Debug|Any CPU = Debug|Any CPU
		Release|Any CPU = Release|Any CPU
	EndGlobalSection
	GlobalSection(ProjectConfigurationPlatforms) = postSolution
		{94F23716-DDB3-4909-A155-9A2769B48B97}.Debug|Any CPU.ActiveCfg = Debug|Any CPU
		{94F23716-DDB3-4909-A155-9A2769B48B97}.Debug|Any CPU.Build.0 = Debug|Any CPU
		{94F23716-DDB3-4909-A155-9A2769B48B97}.Release|Any CPU.ActiveCfg = Release|Any CPU
		{94F23716-DDB3-4909-A155-9A2769B48B97}.Release|Any CPU.Build.0 = Release|Any CPU
	EndGlobalSection
	GlobalSection(SolutionProperties) = preSolution
		HideSolutionNode = FALSE
	EndGlobalSection
	GlobalSection(ExtensibilityGlobals) = postSolution
		SolutionGuid = {3B256523-8604-4018-A8D6-31961B42AB5B}
	EndGlobalSection
EndGlobal
